// !$*UTF8*$!
{
	archiveVersion = 1;
	classes = {
	};
	objectVersion = 50;
	objects = {

/* Begin PBXBuildFile section */
		786345D42417E7A5005537AF /* AppDelegate.swift in Sources */ = {isa = PBXBuildFile; fileRef = 786345D32417E7A5005537AF /* AppDelegate.swift */; };
		786345D62417E7A5005537AF /* GameScene.sks in Resources */ = {isa = PBXBuildFile; fileRef = 786345D52417E7A5005537AF /* GameScene.sks */; };
		786345D82417E7A5005537AF /* Actions.sks in Resources */ = {isa = PBXBuildFile; fileRef = 786345D72417E7A5005537AF /* Actions.sks */; };
		786345DA2417E7A5005537AF /* GameScene.swift in Sources */ = {isa = PBXBuildFile; fileRef = 786345D92417E7A5005537AF /* GameScene.swift */; };
		786345DC2417E7A5005537AF /* GameViewController.swift in Sources */ = {isa = PBXBuildFile; fileRef = 786345DB2417E7A5005537AF /* GameViewController.swift */; };
		786345DF2417E7A5005537AF /* Main.storyboard in Resources */ = {isa = PBXBuildFile; fileRef = 786345DD2417E7A5005537AF /* Main.storyboard */; };
		786345E12417E7A7005537AF /* Assets.xcassets in Resources */ = {isa = PBXBuildFile; fileRef = 786345E02417E7A7005537AF /* Assets.xcassets */; };
		786345E42417E7A7005537AF /* LaunchScreen.storyboard in Resources */ = {isa = PBXBuildFile; fileRef = 786345E22417E7A7005537AF /* LaunchScreen.storyboard */; };
/* End PBXBuildFile section */

/* Begin PBXFileReference section */
		786345D02417E7A5005537AF /* DotPuzzle.app */ = {isa = PBXFileReference; explicitFileType = wrapper.application; includeInIndex = 0; path = DotPuzzle.app; sourceTree = BUILT_PRODUCTS_DIR; };
		786345D32417E7A5005537AF /* AppDelegate.swift */ = {isa = PBXFileReference; lastKnownFileType = sourcecode.swift; path = AppDelegate.swift; sourceTree = "<group>"; };
		786345D52417E7A5005537AF /* GameScene.sks */ = {isa = PBXFileReference; lastKnownFileType = file.sks; path = GameScene.sks; sourceTree = "<group>"; };
		786345D72417E7A5005537AF /* Actions.sks */ = {isa = PBXFileReference; lastKnownFileType = file.sks; path = Actions.sks; sourceTree = "<group>"; };
		786345D92417E7A5005537AF /* GameScene.swift */ = {isa = PBXFileReference; lastKnownFileType = sourcecode.swift; path = GameScene.swift; sourceTree = "<group>"; };
		786345DB2417E7A5005537AF /* GameViewController.swift */ = {isa = PBXFileReference; lastKnownFileType = sourcecode.swift; path = GameViewController.swift; sourceTree = "<group>"; };
		786345DE2417E7A5005537AF /* Base */ = {isa = PBXFileReference; lastKnownFileType = file.storyboard; name = Base; path = Base.lproj/Main.storyboard; sourceTree = "<group>"; };
		786345E02417E7A7005537AF /* Assets.xcassets */ = {isa = PBXFileReference; lastKnownFileType = folder.assetcatalog; path = Assets.xcassets; sourceTree = "<group>"; };
		786345E32417E7A7005537AF /* Base */ = {isa = PBXFileReference; lastKnownFileType = file.storyboard; name = Base; path = Base.lproj/LaunchScreen.storyboard; sourceTree = "<group>"; };
		786345E52417E7A7005537AF /* Info.plist */ = {isa = PBXFileReference; lastKnownFileType = text.plist.xml; path = Info.plist; sourceTree = "<group>"; };
/* End PBXFileReference section */

/* Begin PBXFrameworksBuildPhase section */
		786345CD2417E7A5005537AF /* Frameworks */ = {
			isa = PBXFrameworksBuildPhase;
			buildActionMask = 2147483647;
			files = (
			);
			runOnlyForDeploymentPostprocessing = 0;
		};
/* End PBXFrameworksBuildPhase section */

/* Begin PBXGroup section */
		786345C72417E7A5005537AF = {
			isa = PBXGroup;
			children = (
				786345D22417E7A5005537AF /* DotPuzzle */,
				786345D12417E7A5005537AF /* Products */,
			);
			sourceTree = "<group>";
		};
		786345D12417E7A5005537AF /* Products */ = {
			isa = PBXGroup;
			children = (
				786345D02417E7A5005537AF /* DotPuzzle.app */,
			);
			name = Products;
			sourceTree = "<group>";
		};
		786345D22417E7A5005537AF /* DotPuzzle */ = {
			isa = PBXGroup;
			children = (
				786345D32417E7A5005537AF /* AppDelegate.swift */,
				786345D52417E7A5005537AF /* GameScene.sks */,
				786345D72417E7A5005537AF /* Actions.sks */,
				786345D92417E7A5005537AF /* GameScene.swift */,
				786345DB2417E7A5005537AF /* GameViewController.swift */,
				786345DD2417E7A5005537AF /* Main.storyboard */,
				786345E02417E7A7005537AF /* Assets.xcassets */,
				786345E22417E7A7005537AF /* LaunchScreen.storyboard */,
				786345E52417E7A7005537AF /* Info.plist */,
			);
			path = DotPuzzle;
			sourceTree = "<group>";
		};
/* End PBXGroup section */

/* Begin PBXNativeTarget section */
		786345CF2417E7A5005537AF /* DotPuzzle */ = {
			isa = PBXNativeTarget;
			buildConfigurationList = 786345E82417E7A7005537AF /* Build configuration list for PBXNativeTarget "DotPuzzle" */;
			buildPhases = (
				786345CC2417E7A5005537AF /* Sources */,
				786345CD2417E7A5005537AF /* Frameworks */,
				786345CE2417E7A5005537AF /* Resources */,
			);
			buildRules = (
			);
			dependencies = (
			);
			name = DotPuzzle;
			productName = DotPuzzle;
			productReference = 786345D02417E7A5005537AF /* DotPuzzle.app */;
			productType = "com.apple.product-type.application";
		};
/* End PBXNativeTarget section */

/* Begin PBXProject section */
		786345C82417E7A5005537AF /* Project object */ = {
			isa = PBXProject;
			attributes = {
				LastSwiftUpdateCheck = 1130;
				LastUpgradeCheck = 1130;
				ORGANIZATIONNAME = "Ishan Shetty";
				TargetAttributes = {
					786345CF2417E7A5005537AF = {
						CreatedOnToolsVersion = 11.3.1;
					};
				};
			};
			buildConfigurationList = 786345CB2417E7A5005537AF /* Build configuration list for PBXProject "DotPuzzle" */;
			compatibilityVersion = "Xcode 9.3";
			developmentRegion = en;
			hasScannedForEncodings = 0;
			knownRegions = (
				en,
				Base,
			);
			mainGroup = 786345C72417E7A5005537AF;
			productRefGroup = 786345D12417E7A5005537AF /* Products */;
			projectDirPath = "";
			projectRoot = "";
			targets = (
				786345CF2417E7A5005537AF /* DotPuzzle */,
			);
		};
/* End PBXProject section */

/* Begin PBXResourcesBuildPhase section */
		786345CE2417E7A5005537AF /* Resources */ = {
			isa = PBXResourcesBuildPhase;
			buildActionMask = 2147483647;
			files = (
				786345DF2417E7A5005537AF /* Main.storyboard in Resources */,
				786345D62417E7A5005537AF /* GameScene.sks in Resources */,
				786345E12417E7A7005537AF /* Assets.xcassets in Resources */,
				786345E42417E7A7005537AF /* LaunchScreen.storyboard in Resources */,
				786345D82417E7A5005537AF /* Actions.sks in Resources */,
			);
			runOnlyForDeploymentPostprocessing = 0;
		};
/* End PBXResourcesBuildPhase section */

/* Begin PBXSourcesBuildPhase section */
		786345CC2417E7A5005537AF /* Sources */ = {
			isa = PBXSourcesBuildPhase;
			buildActionMask = 2147483647;
			files = (
				786345DA2417E7A5005537AF /* GameScene.swift in Sources */,
				786345DC2417E7A5005537AF /* GameViewController.swift in Sources */,
				786345D42417E7A5005537AF /* AppDelegate.swift in Sources */,
			);
			runOnlyForDeploymentPostprocessing = 0;
		};
/* End PBXSourcesBuildPhase section */

/* Begin PBXVariantGroup section */
		786345DD2417E7A5005537AF /* Main.storyboard */ = {
			isa = PBXVariantGroup;
			children = (
				786345DE2417E7A5005537AF /* Base */,
			);
			name = Main.storyboard;
			sourceTree = "<group>";
		};
		786345E22417E7A7005537AF /* LaunchScreen.storyboard */ = {
			isa = PBXVariantGroup;
			children = (
				786345E32417E7A7005537AF /* Base */,
			);
			name = LaunchScreen.storyboard;
			sourceTree = "<group>";
		};
/* End PBXVariantGroup section */

/* Begin XCBuildConfiguration section */
		786345E62417E7A7005537AF /* Debug */ = {
			isa = XCBuildConfiguration;
			buildSettings = {
				ALWAYS_SEARCH_USER_PATHS = NO;
				CLANG_ANALYZER_NONNULL = YES;
				CLANG_ANALYZER_NUMBER_OBJECT_CONVERSION = YES_AGGRESSIVE;
				CLANG_CXX_LANGUAGE_STANDARD = "gnu++14";
				CLANG_CXX_LIBRARY = "libc++";
				CLANG_ENABLE_MODULES = YES;
				CLANG_ENABLE_OBJC_ARC = YES;
				CLANG_ENABLE_OBJC_WEAK = YES;
				CLANG_WARN_BLOCK_CAPTURE_AUTORELEASING = YES;
				CLANG_WARN_BOOL_CONVERSION = YES;
				CLANG_WARN_COMMA = YES;
				CLANG_WARN_CONSTANT_CONVERSION = YES;
				CLANG_WARN_DEPRECATED_OBJC_IMPLEMENTATIONS = YES;
				CLANG_WARN_DIRECT_OBJC_ISA_USAGE = YES_ERROR;
				CLANG_WARN_DOCUMENTATION_COMMENTS = YES;
				CLANG_WARN_EMPTY_BODY = YES;
				CLANG_WARN_ENUM_CONVERSION = YES;
				CLANG_WARN_INFINITE_RECURSION = YES;
				CLANG_WARN_INT_CONVERSION = YES;
				CLANG_WARN_NON_LITERAL_NULL_CONVERSION = YES;
				CLANG_WARN_OBJC_IMPLICIT_RETAIN_SELF = YES;
				CLANG_WARN_OBJC_LITERAL_CONVERSION = YES;
				CLANG_WARN_OBJC_ROOT_CLASS = YES_ERROR;
				CLANG_WARN_RANGE_LOOP_ANALYSIS = YES;
				CLANG_WARN_STRICT_PROTOTYPES = YES;
				CLANG_WARN_SUSPICIOUS_MOVE = YES;
				CLANG_WARN_UNGUARDED_AVAILABILITY = YES_AGGRESSIVE;
				CLANG_WARN_UNREACHABLE_CODE = YES;
				CLANG_WARN__DUPLICATE_METHOD_MATCH = YES;
				COPY_PHASE_STRIP = NO;
				DEBUG_INFORMATION_FORMAT = dwarf;
				ENABLE_STRICT_OBJC_MSGSEND = YES;
				ENABLE_TESTABILITY = YES;
				GCC_C_LANGUAGE_STANDARD = gnu11;
				GCC_DYNAMIC_NO_PIC = NO;
				GCC_NO_COMMON_BLOCKS = YES;
				GCC_OPTIMIZATION_LEVEL = 0;
				GCC_PREPROCESSOR_DEFINITIONS = (
					"DEBUG=1",
					"$(inherited)",
				);
				GCC_WARN_64_TO_32_BIT_CONVERSION = YES;
				GCC_WARN_ABOUT_RETURN_TYPE = YES_ERROR;
				GCC_WARN_UNDECLARED_SELECTOR = YES;
				GCC_WARN_UNINITIALIZED_AUTOS = YES_AGGRESSIVE;
				GCC_WARN_UNUSED_FUNCTION = YES;
				GCC_WARN_UNUSED_VARIABLE = YES;
				IPHONEOS_DEPLOYMENT_TARGET = 13.2;
				MTL_ENABLE_DEBUG_INFO = INCLUDE_SOURCE;
				MTL_FAST_MATH = YES;
				ONLY_ACTIVE_ARCH = YES;
				SDKROOT = iphoneos;
				SWIFT_ACTIVE_COMPILATION_CONDITIONS = DEBUG;
				SWIFT_OPTIMIZATION_LEVEL = "-Onone";
			};
			name = Debug;
		};
		786345E72417E7A7005537AF /* Release */ = {
			isa = XCBuildConfiguration;
			buildSettings = {
				ALWAYS_SEARCH_USER_PATHS = NO;
				CLANG_ANALYZER_NONNULL = YES;
				CLANG_ANALYZER_NUMBER_OBJECT_CONVERSION = YES_AGGRESSIVE;
				CLANG_CXX_LANGUAGE_STANDARD = "gnu++14";
				CLANG_CXX_LIBRARY = "libc++";
				CLANG_ENABLE_MODULES = YES;
				CLANG_ENABLE_OBJC_ARC = YES;
				CLANG_ENABLE_OBJC_WEAK = YES;
				CLANG_WARN_BLOCK_CAPTURE_AUTORELEASING = YES;
				CLANG_WARN_BOOL_CONVERSION = YES;
				CLANG_WARN_COMMA = YES;
				CLANG_WARN_CONSTANT_CONVERSION = YES;
				CLANG_WARN_DEPRECATED_OBJC_IMPLEMENTATIONS = YES;
				CLANG_WARN_DIRECT_OBJC_ISA_USAGE = YES_ERROR;
				CLANG_WARN_DOCUMENTATION_COMMENTS = YES;
				CLANG_WARN_EMPTY_BODY = YES;
				CLANG_WARN_ENUM_CONVERSION = YES;
				CLANG_WARN_INFINITE_RECURSION = YES;
				CLANG_WARN_INT_CONVERSION = YES;
				CLANG_WARN_NON_LITERAL_NULL_CONVERSION = YES;
				CLANG_WARN_OBJC_IMPLICIT_RETAIN_SELF = YES;
				CLANG_WARN_OBJC_LITERAL_CONVERSION = YES;
				CLANG_WARN_OBJC_ROOT_CLASS = YES_ERROR;
				CLANG_WARN_RANGE_LOOP_ANALYSIS = YES;
				CLANG_WARN_STRICT_PROTOTYPES = YES;
				CLANG_WARN_SUSPICIOUS_MOVE = YES;
				CLANG_WARN_UNGUARDED_AVAILABILITY = YES_AGGRESSIVE;
				CLANG_WARN_UNREACHABLE_CODE = YES;
				CLANG_WARN__DUPLICATE_METHOD_MATCH = YES;
				COPY_PHASE_STRIP = NO;
				DEBUG_INFORMATION_FORMAT = "dwarf-with-dsym";
				ENABLE_NS_ASSERTIONS = NO;
				ENABLE_STRICT_OBJC_MSGSEND = YES;
				GCC_C_LANGUAGE_STANDARD = gnu11;
				GCC_NO_COMMON_BLOCKS = YES;
				GCC_WARN_64_TO_32_BIT_CONVERSION = YES;
				GCC_WARN_ABOUT_RETURN_TYPE = YES_ERROR;
				GCC_WARN_UNDECLARED_SELECTOR = YES;
				GCC_WARN_UNINITIALIZED_AUTOS = YES_AGGRESSIVE;
				GCC_WARN_UNUSED_FUNCTION = YES;
				GCC_WARN_UNUSED_VARIABLE = YES;
				IPHONEOS_DEPLOYMENT_TARGET = 13.2;
				MTL_ENABLE_DEBUG_INFO = NO;
				MTL_FAST_MATH = YES;
				SDKROOT = iphoneos;
				SWIFT_COMPILATION_MODE = wholemodule;
				SWIFT_OPTIMIZATION_LEVEL = "-O";
				VALIDATE_PRODUCT = YES;
			};
			name = Release;
		};
		786345E92417E7A7005537AF /* Debug */ = {
			isa = XCBuildConfiguration;
			buildSettings = {
				ASSETCATALOG_COMPILER_APPICON_NAME = AppIcon;
				CODE_SIGN_STYLE = Automatic;
				DEVELOPMENT_TEAM = 883DK65VTV;
				INFOPLIST_FILE = DotPuzzle/Info.plist;
				LD_RUNPATH_SEARCH_PATHS = (
					"$(inherited)",
					"@executable_path/Frameworks",
				);
				PRODUCT_BUNDLE_IDENTIFIER = edu.ephs2020.DotPuzzle;
				PRODUCT_NAME = "$(TARGET_NAME)";
				SWIFT_VERSION = 5.0;
				TARGETED_DEVICE_FAMILY = "1,2";
			};
			name = Debug;
		};
		786345EA2417E7A7005537AF /* Release */ = {
			isa = XCBuildConfiguration;
			buildSettings = {
				ASSETCATALOG_COMPILER_APPICON_NAME = AppIcon;
				CODE_SIGN_STYLE = Automatic;
				DEVELOPMENT_TEAM = 883DK65VTV;
				INFOPLIST_FILE = DotPuzzle/Info.plist;
				LD_RUNPATH_SEARCH_PATHS = (
					"$(inherited)",
					"@executable_path/Frameworks",
				);
				PRODUCT_BUNDLE_IDENTIFIER = edu.ephs2020.DotPuzzle;
				PRODUCT_NAME = "$(TARGET_NAME)";
				SWIFT_VERSION = 5.0;
				TARGETED_DEVICE_FAMILY = "1,2";
			};
			name = Release;
		};
/* End XCBuildConfiguration section */

/* Begin XCConfigurationList section */
		786345CB2417E7A5005537AF /* Build configuration list for PBXProject "DotPuzzle" */ = {
			isa = XCConfigurationList;
			buildConfigurations = (
				786345E62417E7A7005537AF /* Debug */,
				786345E72417E7A7005537AF /* Release */,
			);
			defaultConfigurationIsVisible = 0;
			defaultConfigurationName = Release;
		};
		786345E82417E7A7005537AF /* Build configuration list for PBXNativeTarget "DotPuzzle" */ = {
			isa = XCConfigurationList;
			buildConfigurations = (
				786345E92417E7A7005537AF /* Debug */,
				786345EA2417E7A7005537AF /* Release */,
			);
			defaultConfigurationIsVisible = 0;
			defaultConfigurationName = Release;
		};
/* End XCConfigurationList section */
	};
	rootObject = 786345C82417E7A5005537AF /* Project object */;
}
